
Microsoft Visual Studio Solution File, Format Version 12.00
# Visual Studio Version 16
VisualStudioVersion = 16.0.29519.181
MinimumVisualStudioVersion = 10.0.40219.1
Project("{888888A0-9F3D-457C-B088-3A5042F75D52}") = "Find_threshold_brown2", "Find_threshold_brown2.pyproj", "{94C22B6D-8CE1-4327-86B4-610FE0DB88B7}"
EndProject
Global
	GlobalSection(SolutionConfigurationPlatforms) = preSolution
		Debug|Any CPU = Debug|Any CPU
		Release|Any CPU = Release|Any CPU
	EndGlobalSection
	GlobalSection(ProjectConfigurationPlatforms) = postSolution
		{94C22B6D-8CE1-4327-86B4-610FE0DB88B7}.Debug|Any CPU.ActiveCfg = Debug|Any CPU
		{94C22B6D-8CE1-4327-86B4-610FE0DB88B7}.Release|Any CPU.ActiveCfg = Release|Any CPU
	EndGlobalSection
	GlobalSection(SolutionProperties) = preSolution
		HideSolutionNode = FALSE
	EndGlobalSection
	GlobalSection(ExtensibilityGlobals) = postSolution
		SolutionGuid = {D1169C1C-5FEC-4E15-AD7C-AAD5645797F7}
	EndGlobalSection
EndGlobal
